
Microsoft Visual Studio Solution File, Format Version 12.00
# Visual Studio Version 16
VisualStudioVersion = 16.0.31205.134
MinimumVisualStudioVersion = 10.0.40219.1
Project("{FAE04EC0-301F-11D3-BF4B-00C04F79EFBC}") = "HrDepartment", "HrDepartment\HrDepartment.csproj", "{FEA630F6-BB43-4D22-AD71-13C5D01417C0}"
EndProject
Project("{FAE04EC0-301F-11D3-BF4B-00C04F79EFBC}") = "ClientHrDepartment", "ClientHrDepartment\ClientHrDepartment.csproj", "{6E7188F8-20D8-4773-8B17-ABFC78C1E874}"
	ProjectSection(ProjectDependencies) = postProject
		{FEA630F6-BB43-4D22-AD71-13C5D01417C0} = {FEA630F6-BB43-4D22-AD71-13C5D01417C0}
	EndProjectSection
EndProject
Global
	GlobalSection(SolutionConfigurationPlatforms) = preSolution
		Debug|Any CPU = Debug|Any CPU
		Release|Any CPU = Release|Any CPU
	EndGlobalSection
	GlobalSection(ProjectConfigurationPlatforms) = postSolution
		{FEA630F6-BB43-4D22-AD71-13C5D01417C0}.Debug|Any CPU.ActiveCfg = Debug|Any CPU
		{FEA630F6-BB43-4D22-AD71-13C5D01417C0}.Debug|Any CPU.Build.0 = Debug|Any CPU
		{FEA630F6-BB43-4D22-AD71-13C5D01417C0}.Release|Any CPU.ActiveCfg = Release|Any CPU
		{FEA630F6-BB43-4D22-AD71-13C5D01417C0}.Release|Any CPU.Build.0 = Release|Any CPU
		{6E7188F8-20D8-4773-8B17-ABFC78C1E874}.Debug|Any CPU.ActiveCfg = Debug|Any CPU
		{6E7188F8-20D8-4773-8B17-ABFC78C1E874}.Debug|Any CPU.Build.0 = Debug|Any CPU
		{6E7188F8-20D8-4773-8B17-ABFC78C1E874}.Release|Any CPU.ActiveCfg = Release|Any CPU
		{6E7188F8-20D8-4773-8B17-ABFC78C1E874}.Release|Any CPU.Build.0 = Release|Any CPU
	EndGlobalSection
	GlobalSection(SolutionProperties) = preSolution
		HideSolutionNode = FALSE
	EndGlobalSection
	GlobalSection(ExtensibilityGlobals) = postSolution
		SolutionGuid = {B335DC37-1DA1-4941-B0AC-4861BDBA32EF}
	EndGlobalSection
EndGlobal
